
Microsoft Visual Studio Solution File, Format Version 12.00
# Visual Studio Version 16
VisualStudioVersion = 16.0.30621.155
MinimumVisualStudioVersion = 15.0.26124.0
Project("{9A19103F-16F7-4668-BE54-9A1E7A4F7556}") = "web", "web\web.csproj", "{513738BA-DC8A-4F87-8092-AD0E6C7CDE04}"
EndProject
Project("{9A19103F-16F7-4668-BE54-9A1E7A4F7556}") = "web.core", "web.core\web.core.csproj", "{750203E0-64F4-4E7F-88F4-92CD1ECD0F17}"
EndProject
Project("{9A19103F-16F7-4668-BE54-9A1E7A4F7556}") = "web.core.tests", "web.core.tests\web.core.tests.csproj", "{FF567CDF-9BB7-495B-9911-27A4D36DE3E6}"
EndProject
Global
	GlobalSection(SolutionConfigurationPlatforms) = preSolution
		Debug|Any CPU = Debug|Any CPU
		Debug|x64 = Debug|x64
		Debug|x86 = Debug|x86
		Release|Any CPU = Release|Any CPU
		Release|x64 = Release|x64
		Release|x86 = Release|x86
	EndGlobalSection
	GlobalSection(ProjectConfigurationPlatforms) = postSolution
		{513738BA-DC8A-4F87-8092-AD0E6C7CDE04}.Debug|Any CPU.ActiveCfg = Debug|Any CPU
		{513738BA-DC8A-4F87-8092-AD0E6C7CDE04}.Debug|Any CPU.Build.0 = Debug|Any CPU
		{513738BA-DC8A-4F87-8092-AD0E6C7CDE04}.Debug|x64.ActiveCfg = Debug|Any CPU
		{513738BA-DC8A-4F87-8092-AD0E6C7CDE04}.Debug|x64.Build.0 = Debug|Any CPU
		{513738BA-DC8A-4F87-8092-AD0E6C7CDE04}.Debug|x86.ActiveCfg = Debug|Any CPU
		{513738BA-DC8A-4F87-8092-AD0E6C7CDE04}.Debug|x86.Build.0 = Debug|Any CPU
		{513738BA-DC8A-4F87-8092-AD0E6C7CDE04}.Release|Any CPU.ActiveCfg = Release|Any CPU
		{513738BA-DC8A-4F87-8092-AD0E6C7CDE04}.Release|Any CPU.Build.0 = Release|Any CPU
		{513738BA-DC8A-4F87-8092-AD0E6C7CDE04}.Release|x64.ActiveCfg = Release|Any CPU
		{513738BA-DC8A-4F87-8092-AD0E6C7CDE04}.Release|x64.Build.0 = Release|Any CPU
		{513738BA-DC8A-4F87-8092-AD0E6C7CDE04}.Release|x86.ActiveCfg = Release|Any CPU
		{513738BA-DC8A-4F87-8092-AD0E6C7CDE04}.Release|x86.Build.0 = Release|Any CPU
		{750203E0-64F4-4E7F-88F4-92CD1ECD0F17}.Debug|Any CPU.ActiveCfg = Debug|Any CPU
		{750203E0-64F4-4E7F-88F4-92CD1ECD0F17}.Debug|Any CPU.Build.0 = Debug|Any CPU
		{750203E0-64F4-4E7F-88F4-92CD1ECD0F17}.Debug|x64.ActiveCfg = Debug|Any CPU
		{750203E0-64F4-4E7F-88F4-92CD1ECD0F17}.Debug|x64.Build.0 = Debug|Any CPU
		{750203E0-64F4-4E7F-88F4-92CD1ECD0F17}.Debug|x86.ActiveCfg = Debug|Any CPU
		{750203E0-64F4-4E7F-88F4-92CD1ECD0F17}.Debug|x86.Build.0 = Debug|Any CPU
		{750203E0-64F4-4E7F-88F4-92CD1ECD0F17}.Release|Any CPU.ActiveCfg = Release|Any CPU
		{750203E0-64F4-4E7F-88F4-92CD1ECD0F17}.Release|Any CPU.Build.0 = Release|Any CPU
		{750203E0-64F4-4E7F-88F4-92CD1ECD0F17}.Release|x64.ActiveCfg = Release|Any CPU
		{750203E0-64F4-4E7F-88F4-92CD1ECD0F17}.Release|x64.Build.0 = Release|Any CPU
		{750203E0-64F4-4E7F-88F4-92CD1ECD0F17}.Release|x86.ActiveCfg = Release|Any CPU
		{750203E0-64F4-4E7F-88F4-92CD1ECD0F17}.Release|x86.Build.0 = Release|Any CPU
		{FF567CDF-9BB7-495B-9911-27A4D36DE3E6}.Debug|Any CPU.ActiveCfg = Debug|Any CPU
		{FF567CDF-9BB7-495B-9911-27A4D36DE3E6}.Debug|Any CPU.Build.0 = Debug|Any CPU
		{FF567CDF-9BB7-495B-9911-27A4D36DE3E6}.Debug|x64.ActiveCfg = Debug|Any CPU
		{FF567CDF-9BB7-495B-9911-27A4D36DE3E6}.Debug|x64.Build.0 = Debug|Any CPU
		{FF567CDF-9BB7-495B-9911-27A4D36DE3E6}.Debug|x86.ActiveCfg = Debug|Any CPU
		{FF567CDF-9BB7-495B-9911-27A4D36DE3E6}.Debug|x86.Build.0 = Debug|Any CPU
		{FF567CDF-9BB7-495B-9911-27A4D36DE3E6}.Release|Any CPU.ActiveCfg = Release|Any CPU
		{FF567CDF-9BB7-495B-9911-27A4D36DE3E6}.Release|Any CPU.Build.0 = Release|Any CPU
		{FF567CDF-9BB7-495B-9911-27A4D36DE3E6}.Release|x64.ActiveCfg = Release|Any CPU
		{FF567CDF-9BB7-495B-9911-27A4D36DE3E6}.Release|x64.Build.0 = Release|Any CPU
		{FF567CDF-9BB7-495B-9911-27A4D36DE3E6}.Release|x86.ActiveCfg = Release|Any CPU
		{FF567CDF-9BB7-495B-9911-27A4D36DE3E6}.Release|x86.Build.0 = Release|Any CPU
	EndGlobalSection
	GlobalSection(SolutionProperties) = preSolution
		HideSolutionNode = FALSE
	EndGlobalSection
	GlobalSection(ExtensibilityGlobals) = postSolution
		SolutionGuid = {A4556557-3E12-4F99-9DE7-B0141FFDCC90}
	EndGlobalSection
EndGlobal
